
Microsoft Visual Studio Solution File, Format Version 12.00
# Visual Studio Version 16
VisualStudioVersion = 16.0.29709.97
MinimumVisualStudioVersion = 10.0.40219.1
Project("{FAE04EC0-301F-11D3-BF4B-00C04F79EFBC}") = "backend", "backend\backend.csproj", "{296FC01E-C1EF-4A37-830B-52F07B294CDB}"
EndProject
Global
	GlobalSection(SolutionConfigurationPlatforms) = preSolution
		Debug|Any CPU = Debug|Any CPU
		Release|Any CPU = Release|Any CPU
	EndGlobalSection
	GlobalSection(ProjectConfigurationPlatforms) = postSolution
		{296FC01E-C1EF-4A37-830B-52F07B294CDB}.Debug|Any CPU.ActiveCfg = Debug|Any CPU
		{296FC01E-C1EF-4A37-830B-52F07B294CDB}.Debug|Any CPU.Build.0 = Debug|Any CPU
		{296FC01E-C1EF-4A37-830B-52F07B294CDB}.Release|Any CPU.ActiveCfg = Release|Any CPU
		{296FC01E-C1EF-4A37-830B-52F07B294CDB}.Release|Any CPU.Build.0 = Release|Any CPU
	EndGlobalSection
	GlobalSection(SolutionProperties) = preSolution
		HideSolutionNode = FALSE
	EndGlobalSection
	GlobalSection(ExtensibilityGlobals) = postSolution
		SolutionGuid = {5D22D05D-D02C-48A6-A4B4-E0C7C36BA7A6}
	EndGlobalSection
EndGlobal
